
Microsoft Visual Studio Solution File, Format Version 12.00
# Visual Studio Version 17
VisualStudioVersion = 17.7.34031.279
MinimumVisualStudioVersion = 10.0.40219.1
Project("{FAE04EC0-301F-11D3-BF4B-00C04F79EFBC}") = "Lab3.1_Tyagaev", "Lab3.1_Tyagaev\Lab3.1_Tyagaev.csproj", "{620047AA-487F-4FF5-8F89-845849D40B22}"
EndProject
Global
	GlobalSection(SolutionConfigurationPlatforms) = preSolution
		Debug|Any CPU = Debug|Any CPU
		Release|Any CPU = Release|Any CPU
	EndGlobalSection
	GlobalSection(ProjectConfigurationPlatforms) = postSolution
		{620047AA-487F-4FF5-8F89-845849D40B22}.Debug|Any CPU.ActiveCfg = Debug|Any CPU
		{620047AA-487F-4FF5-8F89-845849D40B22}.Debug|Any CPU.Build.0 = Debug|Any CPU
		{620047AA-487F-4FF5-8F89-845849D40B22}.Release|Any CPU.ActiveCfg = Release|Any CPU
		{620047AA-487F-4FF5-8F89-845849D40B22}.Release|Any CPU.Build.0 = Release|Any CPU
	EndGlobalSection
	GlobalSection(SolutionProperties) = preSolution
		HideSolutionNode = FALSE
	EndGlobalSection
	GlobalSection(ExtensibilityGlobals) = postSolution
		SolutionGuid = {ED3066A2-B34D-48B9-A689-711BB4D4B388}
	EndGlobalSection
EndGlobal
